// !$*UTF8*$!
{
	archiveVersion = 1;
	classes = {
	};
	objectVersion = 46;
	objects = {

/* Begin PBXBuildFile section */
		43B11BCA1B150C4C00274CB7 /* AppDelegate.swift in Sources */ = {isa = PBXBuildFile; fileRef = 43B11BC91B150C4C00274CB7 /* AppDelegate.swift */; };
		43B11BCD1B150C4C00274CB7 /* Campaigner.xcdatamodeld in Sources */ = {isa = PBXBuildFile; fileRef = 43B11BCB1B150C4C00274CB7 /* Campaigner.xcdatamodeld */; };
		43B11BCF1B150C4C00274CB7 /* ViewController.swift in Sources */ = {isa = PBXBuildFile; fileRef = 43B11BCE1B150C4C00274CB7 /* ViewController.swift */; };
		43B11BD21B150C4C00274CB7 /* Main.storyboard in Resources */ = {isa = PBXBuildFile; fileRef = 43B11BD01B150C4C00274CB7 /* Main.storyboard */; };
		43B11BD41B150C4C00274CB7 /* Images.xcassets in Resources */ = {isa = PBXBuildFile; fileRef = 43B11BD31B150C4C00274CB7 /* Images.xcassets */; };
		43B11BD71B150C4C00274CB7 /* LaunchScreen.xib in Resources */ = {isa = PBXBuildFile; fileRef = 43B11BD51B150C4C00274CB7 /* LaunchScreen.xib */; };
		43B11BE31B150C4C00274CB7 /* CampaignerTests.swift in Sources */ = {isa = PBXBuildFile; fileRef = 43B11BE21B150C4C00274CB7 /* CampaignerTests.swift */; };
/* End PBXBuildFile section */

/* Begin PBXContainerItemProxy section */
		43B11BDD1B150C4C00274CB7 /* PBXContainerItemProxy */ = {
			isa = PBXContainerItemProxy;
			containerPortal = 43B11BBC1B150C4C00274CB7 /* Project object */;
			proxyType = 1;
			remoteGlobalIDString = 43B11BC31B150C4C00274CB7;
			remoteInfo = Campaigner;
		};
/* End PBXContainerItemProxy section */

/* Begin PBXFileReference section */
		43B11BC41B150C4C00274CB7 /* Campaigner.app */ = {isa = PBXFileReference; explicitFileType = wrapper.application; includeInIndex = 0; path = Campaigner.app; sourceTree = BUILT_PRODUCTS_DIR; };
		43B11BC81B150C4C00274CB7 /* Info.plist */ = {isa = PBXFileReference; lastKnownFileType = text.plist.xml; path = Info.plist; sourceTree = "<group>"; };
		43B11BC91B150C4C00274CB7 /* AppDelegate.swift */ = {isa = PBXFileReference; lastKnownFileType = sourcecode.swift; path = AppDelegate.swift; sourceTree = "<group>"; };
		43B11BCC1B150C4C00274CB7 /* Campaigner.xcdatamodel */ = {isa = PBXFileReference; lastKnownFileType = wrapper.xcdatamodel; path = Campaigner.xcdatamodel; sourceTree = "<group>"; };
		43B11BCE1B150C4C00274CB7 /* ViewController.swift */ = {isa = PBXFileReference; lastKnownFileType = sourcecode.swift; path = ViewController.swift; sourceTree = "<group>"; };
		43B11BD11B150C4C00274CB7 /* Base */ = {isa = PBXFileReference; lastKnownFileType = file.storyboard; name = Base; path = Base.lproj/Main.storyboard; sourceTree = "<group>"; };
		43B11BD31B150C4C00274CB7 /* Images.xcassets */ = {isa = PBXFileReference; lastKnownFileType = folder.assetcatalog; path = Images.xcassets; sourceTree = "<group>"; };
		43B11BD61B150C4C00274CB7 /* Base */ = {isa = PBXFileReference; lastKnownFileType = file.xib; name = Base; path = Base.lproj/LaunchScreen.xib; sourceTree = "<group>"; };
		43B11BDC1B150C4C00274CB7 /* CampaignerTests.xctest */ = {isa = PBXFileReference; explicitFileType = wrapper.cfbundle; includeInIndex = 0; path = CampaignerTests.xctest; sourceTree = BUILT_PRODUCTS_DIR; };
		43B11BE11B150C4C00274CB7 /* Info.plist */ = {isa = PBXFileReference; lastKnownFileType = text.plist.xml; path = Info.plist; sourceTree = "<group>"; };
		43B11BE21B150C4C00274CB7 /* CampaignerTests.swift */ = {isa = PBXFileReference; lastKnownFileType = sourcecode.swift; path = CampaignerTests.swift; sourceTree = "<group>"; };
/* End PBXFileReference section */

/* Begin PBXFrameworksBuildPhase section */
		43B11BC11B150C4C00274CB7 /* Frameworks */ = {
			isa = PBXFrameworksBuildPhase;
			buildActionMask = 2147483647;
			files = (
			);
			runOnlyForDeploymentPostprocessing = 0;
		};
		43B11BD91B150C4C00274CB7 /* Frameworks */ = {
			isa = PBXFrameworksBuildPhase;
			buildActionMask = 2147483647;
			files = (
			);
			runOnlyForDeploymentPostprocessing = 0;
		};
/* End PBXFrameworksBuildPhase section */

/* Begin PBXGroup section */
		43B11BBB1B150C4C00274CB7 = {
			isa = PBXGroup;
			children = (
				43B11BC61B150C4C00274CB7 /* Campaigner */,
				43B11BDF1B150C4C00274CB7 /* CampaignerTests */,
				43B11BC51B150C4C00274CB7 /* Products */,
			);
			sourceTree = "<group>";
		};
		43B11BC51B150C4C00274CB7 /* Products */ = {
			isa = PBXGroup;
			children = (
				43B11BC41B150C4C00274CB7 /* Campaigner.app */,
				43B11BDC1B150C4C00274CB7 /* CampaignerTests.xctest */,
			);
			name = Products;
			sourceTree = "<group>";
		};
		43B11BC61B150C4C00274CB7 /* Campaigner */ = {
			isa = PBXGroup;
			children = (
				43B11BC91B150C4C00274CB7 /* AppDelegate.swift */,
				43B11BCE1B150C4C00274CB7 /* ViewController.swift */,
				43B11BD01B150C4C00274CB7 /* Main.storyboard */,
				43B11BD31B150C4C00274CB7 /* Images.xcassets */,
				43B11BD51B150C4C00274CB7 /* LaunchScreen.xib */,
				43B11BCB1B150C4C00274CB7 /* Campaigner.xcdatamodeld */,
				43B11BC71B150C4C00274CB7 /* Supporting Files */,
			);
			path = Campaigner;
			sourceTree = "<group>";
		};
		43B11BC71B150C4C00274CB7 /* Supporting Files */ = {
			isa = PBXGroup;
			children = (
				43B11BC81B150C4C00274CB7 /* Info.plist */,
			);
			name = "Supporting Files";
			sourceTree = "<group>";
		};
		43B11BDF1B150C4C00274CB7 /* CampaignerTests */ = {
			isa = PBXGroup;
			children = (
				43B11BE21B150C4C00274CB7 /* CampaignerTests.swift */,
				43B11BE01B150C4C00274CB7 /* Supporting Files */,
			);
			path = CampaignerTests;
			sourceTree = "<group>";
		};
		43B11BE01B150C4C00274CB7 /* Supporting Files */ = {
			isa = PBXGroup;
			children = (
				43B11BE11B150C4C00274CB7 /* Info.plist */,
			);
			name = "Supporting Files";
			sourceTree = "<group>";
		};
/* End PBXGroup section */

/* Begin PBXNativeTarget section */
		43B11BC31B150C4C00274CB7 /* Campaigner */ = {
			isa = PBXNativeTarget;
			buildConfigurationList = 43B11BE61B150C4C00274CB7 /* Build configuration list for PBXNativeTarget "Campaigner" */;
			buildPhases = (
				43B11BC01B150C4C00274CB7 /* Sources */,
				43B11BC11B150C4C00274CB7 /* Frameworks */,
				43B11BC21B150C4C00274CB7 /* Resources */,
			);
			buildRules = (
			);
			dependencies = (
			);
			name = Campaigner;
			productName = Campaigner;
			productReference = 43B11BC41B150C4C00274CB7 /* Campaigner.app */;
			productType = "com.apple.product-type.application";
		};
		43B11BDB1B150C4C00274CB7 /* CampaignerTests */ = {
			isa = PBXNativeTarget;
			buildConfigurationList = 43B11BE91B150C4C00274CB7 /* Build configuration list for PBXNativeTarget "CampaignerTests" */;
			buildPhases = (
				43B11BD81B150C4C00274CB7 /* Sources */,
				43B11BD91B150C4C00274CB7 /* Frameworks */,
				43B11BDA1B150C4C00274CB7 /* Resources */,
			);
			buildRules = (
			);
			dependencies = (
				43B11BDE1B150C4C00274CB7 /* PBXTargetDependency */,
			);
			name = CampaignerTests;
			productName = CampaignerTests;
			productReference = 43B11BDC1B150C4C00274CB7 /* CampaignerTests.xctest */;
			productType = "com.apple.product-type.bundle.unit-test";
		};
/* End PBXNativeTarget section */

/* Begin PBXProject section */
		43B11BBC1B150C4C00274CB7 /* Project object */ = {
			isa = PBXProject;
			attributes = {
				LastUpgradeCheck = 0630;
				ORGANIZATIONNAME = VHH;
				TargetAttributes = {
					43B11BC31B150C4C00274CB7 = {
						CreatedOnToolsVersion = 6.3.2;
					};
					43B11BDB1B150C4C00274CB7 = {
						CreatedOnToolsVersion = 6.3.2;
						TestTargetID = 43B11BC31B150C4C00274CB7;
					};
				};
			};
			buildConfigurationList = 43B11BBF1B150C4C00274CB7 /* Build configuration list for PBXProject "Campaigner" */;
			compatibilityVersion = "Xcode 3.2";
			developmentRegion = English;
			hasScannedForEncodings = 0;
			knownRegions = (
				en,
				Base,
			);
			mainGroup = 43B11BBB1B150C4C00274CB7;
			productRefGroup = 43B11BC51B150C4C00274CB7 /* Products */;
			projectDirPath = "";
			projectRoot = "";
			targets = (
				43B11BC31B150C4C00274CB7 /* Campaigner */,
				43B11BDB1B150C4C00274CB7 /* CampaignerTests */,
			);
		};
/* End PBXProject section */

/* Begin PBXResourcesBuildPhase section */
		43B11BC21B150C4C00274CB7 /* Resources */ = {
			isa = PBXResourcesBuildPhase;
			buildActionMask = 2147483647;
			files = (
				43B11BD21B150C4C00274CB7 /* Main.storyboard in Resources */,
				43B11BD71B150C4C00274CB7 /* LaunchScreen.xib in Resources */,
				43B11BD41B150C4C00274CB7 /* Images.xcassets in Resources */,
			);
			runOnlyForDeploymentPostprocessing = 0;
		};
		43B11BDA1B150C4C00274CB7 /* Resources */ = {
			isa = PBXResourcesBuildPhase;
			buildActionMask = 2147483647;
			files = (
			);
			runOnlyForDeploymentPostprocessing = 0;
		};
/* End PBXResourcesBuildPhase section */

/* Begin PBXSourcesBuildPhase section */
		43B11BC01B150C4C00274CB7 /* Sources */ = {
			isa = PBXSourcesBuildPhase;
			buildActionMask = 2147483647;
			files = (
				43B11BCF1B150C4C00274CB7 /* ViewController.swift in Sources */,
				43B11BCD1B150C4C00274CB7 /* Campaigner.xcdatamodeld in Sources */,
				43B11BCA1B150C4C00274CB7 /* AppDelegate.swift in Sources */,
			);
			runOnlyForDeploymentPostprocessing = 0;
		};
		43B11BD81B150C4C00274CB7 /* Sources */ = {
			isa = PBXSourcesBuildPhase;
			buildActionMask = 2147483647;
			files = (
				43B11BE31B150C4C00274CB7 /* CampaignerTests.swift in Sources */,
			);
			runOnlyForDeploymentPostprocessing = 0;
		};
/* End PBXSourcesBuildPhase section */

/* Begin PBXTargetDependency section */
		43B11BDE1B150C4C00274CB7 /* PBXTargetDependency */ = {
			isa = PBXTargetDependency;
			target = 43B11BC31B150C4C00274CB7 /* Campaigner */;
			targetProxy = 43B11BDD1B150C4C00274CB7 /* PBXContainerItemProxy */;
		};
/* End PBXTargetDependency section */

/* Begin PBXVariantGroup section */
		43B11BD01B150C4C00274CB7 /* Main.storyboard */ = {
			isa = PBXVariantGroup;
			children = (
				43B11BD11B150C4C00274CB7 /* Base */,
			);
			name = Main.storyboard;
			sourceTree = "<group>";
		};
		43B11BD51B150C4C00274CB7 /* LaunchScreen.xib */ = {
			isa = PBXVariantGroup;
			children = (
				43B11BD61B150C4C00274CB7 /* Base */,
			);
			name = LaunchScreen.xib;
			sourceTree = "<group>";
		};
/* End PBXVariantGroup section */

/* Begin XCBuildConfiguration section */
		43B11BE41B150C4C00274CB7 /* Debug */ = {
			isa = XCBuildConfiguration;
			buildSettings = {
				ALWAYS_SEARCH_USER_PATHS = NO;
				CLANG_CXX_LANGUAGE_STANDARD = "gnu++0x";
				CLANG_CXX_LIBRARY = "libc++";
				CLANG_ENABLE_MODULES = YES;
				CLANG_ENABLE_OBJC_ARC = YES;
				CLANG_WARN_BOOL_CONVERSION = YES;
				CLANG_WARN_CONSTANT_CONVERSION = YES;
				CLANG_WARN_DIRECT_OBJC_ISA_USAGE = YES_ERROR;
				CLANG_WARN_EMPTY_BODY = YES;
				CLANG_WARN_ENUM_CONVERSION = YES;
				CLANG_WARN_INT_CONVERSION = YES;
				CLANG_WARN_OBJC_ROOT_CLASS = YES_ERROR;
				CLANG_WARN_UNREACHABLE_CODE = YES;
				CLANG_WARN__DUPLICATE_METHOD_MATCH = YES;
				"CODE_SIGN_IDENTITY[sdk=iphoneos*]" = "iPhone Developer";
				COPY_PHASE_STRIP = NO;
				DEBUG_INFORMATION_FORMAT = "dwarf-with-dsym";
				ENABLE_STRICT_OBJC_MSGSEND = YES;
				GCC_C_LANGUAGE_STANDARD = gnu99;
				GCC_DYNAMIC_NO_PIC = NO;
				GCC_NO_COMMON_BLOCKS = YES;
				GCC_OPTIMIZATION_LEVEL = 0;
				GCC_PREPROCESSOR_DEFINITIONS = (
					"DEBUG=1",
					"$(inherited)",
				);
				GCC_SYMBOLS_PRIVATE_EXTERN = NO;
				GCC_WARN_64_TO_32_BIT_CONVERSION = YES;
				GCC_WARN_ABOUT_RETURN_TYPE = YES_ERROR;
				GCC_WARN_UNDECLARED_SELECTOR = YES;
				GCC_WARN_UNINITIALIZED_AUTOS = YES_AGGRESSIVE;
				GCC_WARN_UNUSED_FUNCTION = YES;
				GCC_WARN_UNUSED_VARIABLE = YES;
				IPHONEOS_DEPLOYMENT_TARGET = 8.3;
				MTL_ENABLE_DEBUG_INFO = YES;
				ONLY_ACTIVE_ARCH = YES;
				SDKROOT = iphoneos;
				SWIFT_OPTIMIZATION_LEVEL = "-Onone";
				TARGETED_DEVICE_FAMILY = "1,2";
			};
			name = Debug;
		};
		43B11BE51B150C4C00274CB7 /* Release */ = {
			isa = XCBuildConfiguration;
			buildSettings = {
				ALWAYS_SEARCH_USER_PATHS = NO;
				CLANG_CXX_LANGUAGE_STANDARD = "gnu++0x";
				CLANG_CXX_LIBRARY = "libc++";
				CLANG_ENABLE_MODULES = YES;
				CLANG_ENABLE_OBJC_ARC = YES;
				CLANG_WARN_BOOL_CONVERSION = YES;
				CLANG_WARN_CONSTANT_CONVERSION = YES;
				CLANG_WARN_DIRECT_OBJC_ISA_USAGE = YES_ERROR;
				CLANG_WARN_EMPTY_BODY = YES;
				CLANG_WARN_ENUM_CONVERSION = YES;
				CLANG_WARN_INT_CONVERSION = YES;
				CLANG_WARN_OBJC_ROOT_CLASS = YES_ERROR;
				CLANG_WARN_UNREACHABLE_CODE = YES;
				CLANG_WARN__DUPLICATE_METHOD_MATCH = YES;
				"CODE_SIGN_IDENTITY[sdk=iphoneos*]" = "iPhone Developer";
				COPY_PHASE_STRIP = NO;
				DEBUG_INFORMATION_FORMAT = "dwarf-with-dsym";
				ENABLE_NS_ASSERTIONS = NO;
				ENABLE_STRICT_OBJC_MSGSEND = YES;
				GCC_C_LANGUAGE_STANDARD = gnu99;
				GCC_NO_COMMON_BLOCKS = YES;
				GCC_WARN_64_TO_32_BIT_CONVERSION = YES;
				GCC_WARN_ABOUT_RETURN_TYPE = YES_ERROR;
				GCC_WARN_UNDECLARED_SELECTOR = YES;
				GCC_WARN_UNINITIALIZED_AUTOS = YES_AGGRESSIVE;
				GCC_WARN_UNUSED_FUNCTION = YES;
				GCC_WARN_UNUSED_VARIABLE = YES;
				IPHONEOS_DEPLOYMENT_TARGET = 8.3;
				MTL_ENABLE_DEBUG_INFO = NO;
				SDKROOT = iphoneos;
				TARGETED_DEVICE_FAMILY = "1,2";
				VALIDATE_PRODUCT = YES;
			};
			name = Release;
		};
		43B11BE71B150C4C00274CB7 /* Debug */ = {
			isa = XCBuildConfiguration;
			buildSettings = {
				ASSETCATALOG_COMPILER_APPICON_NAME = AppIcon;
				INFOPLIST_FILE = Campaigner/Info.plist;
				LD_RUNPATH_SEARCH_PATHS = "$(inherited) @executable_path/Frameworks";
				PRODUCT_NAME = "$(TARGET_NAME)";
			};
			name = Debug;
		};
		43B11BE81B150C4C00274CB7 /* Release */ = {
			isa = XCBuildConfiguration;
			buildSettings = {
				ASSETCATALOG_COMPILER_APPICON_NAME = AppIcon;
				INFOPLIST_FILE = Campaigner/Info.plist;
				LD_RUNPATH_SEARCH_PATHS = "$(inherited) @executable_path/Frameworks";
				PRODUCT_NAME = "$(TARGET_NAME)";
			};
			name = Release;
		};
		43B11BEA1B150C4C00274CB7 /* Debug */ = {
			isa = XCBuildConfiguration;
			buildSettings = {
				BUNDLE_LOADER = "$(TEST_HOST)";
				FRAMEWORK_SEARCH_PATHS = (
					"$(SDKROOT)/Developer/Library/Frameworks",
					"$(inherited)",
				);
				GCC_PREPROCESSOR_DEFINITIONS = (
					"DEBUG=1",
					"$(inherited)",
				);
				INFOPLIST_FILE = CampaignerTests/Info.plist;
				LD_RUNPATH_SEARCH_PATHS = "$(inherited) @executable_path/Frameworks @loader_path/Frameworks";
				PRODUCT_NAME = "$(TARGET_NAME)";
				TEST_HOST = "$(BUILT_PRODUCTS_DIR)/Campaigner.app/Campaigner";
			};
			name = Debug;
		};
		43B11BEB1B150C4C00274CB7 /* Release */ = {
			isa = XCBuildConfiguration;
			buildSettings = {
				BUNDLE_LOADER = "$(TEST_HOST)";
				FRAMEWORK_SEARCH_PATHS = (
					"$(SDKROOT)/Developer/Library/Frameworks",
					"$(inherited)",
				);
				INFOPLIST_FILE = CampaignerTests/Info.plist;
				LD_RUNPATH_SEARCH_PATHS = "$(inherited) @executable_path/Frameworks @loader_path/Frameworks";
				PRODUCT_NAME = "$(TARGET_NAME)";
				TEST_HOST = "$(BUILT_PRODUCTS_DIR)/Campaigner.app/Campaigner";
			};
			name = Release;
		};
/* End XCBuildConfiguration section */

/* Begin XCConfigurationList section */
		43B11BBF1B150C4C00274CB7 /* Build configuration list for PBXProject "Campaigner" */ = {
			isa = XCConfigurationList;
			buildConfigurations = (
				43B11BE41B150C4C00274CB7 /* Debug */,
				43B11BE51B150C4C00274CB7 /* Release */,
			);
			defaultConfigurationIsVisible = 0;
			defaultConfigurationName = Release;
		};
		43B11BE61B150C4C00274CB7 /* Build configuration list for PBXNativeTarget "Campaigner" */ = {
			isa = XCConfigurationList;
			buildConfigurations = (
				43B11BE71B150C4C00274CB7 /* Debug */,
				43B11BE81B150C4C00274CB7 /* Release */,
			);
			defaultConfigurationIsVisible = 0;
		};
		43B11BE91B150C4C00274CB7 /* Build configuration list for PBXNativeTarget "CampaignerTests" */ = {
			isa = XCConfigurationList;
			buildConfigurations = (
				43B11BEA1B150C4C00274CB7 /* Debug */,
				43B11BEB1B150C4C00274CB7 /* Release */,
			);
			defaultConfigurationIsVisible = 0;
		};
/* End XCConfigurationList section */

/* Begin XCVersionGroup section */
		43B11BCB1B150C4C00274CB7 /* Campaigner.xcdatamodeld */ = {
			isa = XCVersionGroup;
			children = (
				43B11BCC1B150C4C00274CB7 /* Campaigner.xcdatamodel */,
			);
			currentVersion = 43B11BCC1B150C4C00274CB7 /* Campaigner.xcdatamodel */;
			path = Campaigner.xcdatamodeld;
			sourceTree = "<group>";
			versionGroupType = wrapper.xcdatamodel;
		};
/* End XCVersionGroup section */
	};
	rootObject = 43B11BBC1B150C4C00274CB7 /* Project object */;
}
